
Microsoft Visual Studio Solution File, Format Version 12.00
# Visual Studio Version 17
VisualStudioVersion = 17.9.34728.123
MinimumVisualStudioVersion = 10.0.40219.1
Project("{9A19103F-16F7-4668-BE54-9A1E7A4F7556}") = "TgYandexBot", "TgYandexBot\TgYandexBot.csproj", "{DFB9586B-5AD2-4CDD-8BD5-0BB21A5F6857}"
EndProject
Project("{FAE04EC0-301F-11D3-BF4B-00C04F79EFBC}") = "TgYandexBot.Core", "TgYandexBot.Core\TgYandexBot.Core.csproj", "{86006F84-8B76-4A63-B26C-F455BFA4000D}"
EndProject
Project("{FAE04EC0-301F-11D3-BF4B-00C04F79EFBC}") = "TgYandexBot.DataBase", "TgYandexBot.DataBase\TgYandexBot.DataBase.csproj", "{56C56A26-236D-49CB-865C-768FB9FC6AA2}"
EndProject
Global
	GlobalSection(SolutionConfigurationPlatforms) = preSolution
		Debug|Any CPU = Debug|Any CPU
		Release|Any CPU = Release|Any CPU
	EndGlobalSection
	GlobalSection(ProjectConfigurationPlatforms) = postSolution
		{DFB9586B-5AD2-4CDD-8BD5-0BB21A5F6857}.Debug|Any CPU.ActiveCfg = Debug|Any CPU
		{DFB9586B-5AD2-4CDD-8BD5-0BB21A5F6857}.Debug|Any CPU.Build.0 = Debug|Any CPU
		{DFB9586B-5AD2-4CDD-8BD5-0BB21A5F6857}.Release|Any CPU.ActiveCfg = Release|Any CPU
		{DFB9586B-5AD2-4CDD-8BD5-0BB21A5F6857}.Release|Any CPU.Build.0 = Release|Any CPU
		{86006F84-8B76-4A63-B26C-F455BFA4000D}.Debug|Any CPU.ActiveCfg = Debug|Any CPU
		{86006F84-8B76-4A63-B26C-F455BFA4000D}.Debug|Any CPU.Build.0 = Debug|Any CPU
		{86006F84-8B76-4A63-B26C-F455BFA4000D}.Release|Any CPU.ActiveCfg = Release|Any CPU
		{86006F84-8B76-4A63-B26C-F455BFA4000D}.Release|Any CPU.Build.0 = Release|Any CPU
		{56C56A26-236D-49CB-865C-768FB9FC6AA2}.Debug|Any CPU.ActiveCfg = Debug|Any CPU
		{56C56A26-236D-49CB-865C-768FB9FC6AA2}.Debug|Any CPU.Build.0 = Debug|Any CPU
		{56C56A26-236D-49CB-865C-768FB9FC6AA2}.Release|Any CPU.ActiveCfg = Release|Any CPU
		{56C56A26-236D-49CB-865C-768FB9FC6AA2}.Release|Any CPU.Build.0 = Release|Any CPU
	EndGlobalSection
	GlobalSection(SolutionProperties) = preSolution
		HideSolutionNode = FALSE
	EndGlobalSection
	GlobalSection(ExtensibilityGlobals) = postSolution
		SolutionGuid = {8C7D3399-3B28-44F3-B063-4DDF1C860CBA}
	EndGlobalSection
EndGlobal
